// !$*UTF8*$!
{
	archiveVersion = 1;
	classes = {
	};
	objectVersion = 46;
	objects = {

/* Begin PBXBuildFile section */
		0495D88629E398BEF8947283 /* Pods_Gradient.framework in Frameworks */ = {isa = PBXBuildFile; fileRef = F4D0ACD67F038D4437850555 /* Pods_Gradient.framework */; };
		A12A198966F5F2BBAF15E534 /* Pods_GradientUITests.framework in Frameworks */ = {isa = PBXBuildFile; fileRef = E8F2DF1CBA8E551ABCCAA308 /* Pods_GradientUITests.framework */; };
		E218879B1E9B3B890008C54C /* AppDelegate.swift in Sources */ = {isa = PBXBuildFile; fileRef = E218879A1E9B3B890008C54C /* AppDelegate.swift */; };
		E218879D1E9B3B890008C54C /* ViewController.swift in Sources */ = {isa = PBXBuildFile; fileRef = E218879C1E9B3B890008C54C /* ViewController.swift */; };
		E21887A01E9B3B890008C54C /* Main.storyboard in Resources */ = {isa = PBXBuildFile; fileRef = E218879E1E9B3B890008C54C /* Main.storyboard */; };
		E21887A21E9B3B890008C54C /* Assets.xcassets in Resources */ = {isa = PBXBuildFile; fileRef = E21887A11E9B3B890008C54C /* Assets.xcassets */; };
		E21887A51E9B3B890008C54C /* LaunchScreen.storyboard in Resources */ = {isa = PBXBuildFile; fileRef = E21887A31E9B3B890008C54C /* LaunchScreen.storyboard */; };
		E21887B01E9B3B890008C54C /* GradientTests.swift in Sources */ = {isa = PBXBuildFile; fileRef = E21887AF1E9B3B890008C54C /* GradientTests.swift */; };
		E21887BB1E9B3B890008C54C /* GradientUITests.swift in Sources */ = {isa = PBXBuildFile; fileRef = E21887BA1E9B3B890008C54C /* GradientUITests.swift */; };
		E21887CA1E9B3BC90008C54C /* MapKit.framework in Frameworks */ = {isa = PBXBuildFile; fileRef = E21887C91E9B3BC90008C54C /* MapKit.framework */; };
		E21887CC1E9B3D620008C54C /* CoreLocation.framework in Frameworks */ = {isa = PBXBuildFile; fileRef = E21887CB1E9B3D620008C54C /* CoreLocation.framework */; };
		E21887D01E9B5DDC0008C54C /* Places.swift in Sources */ = {isa = PBXBuildFile; fileRef = E21887CF1E9B5DDC0008C54C /* Places.swift */; };
		E2901425D295C6E77A381D05 /* Pods_GradientTests.framework in Frameworks */ = {isa = PBXBuildFile; fileRef = CD0CAC63589359BC64DEF8A2 /* Pods_GradientTests.framework */; };
		E290B34D1EE08F3B00D2F006 /* zones.json in Resources */ = {isa = PBXBuildFile; fileRef = E290B34C1EE08F3B00D2F006 /* zones.json */; };
		E2C733661EC2E23B00D7316B /* RootPageViewController.swift in Sources */ = {isa = PBXBuildFile; fileRef = E2C733651EC2E23B00D7316B /* RootPageViewController.swift */; };
		E2C7336A1EC3101100D7316B /* OnboardingViewController.swift in Sources */ = {isa = PBXBuildFile; fileRef = E2C733691EC3101100D7316B /* OnboardingViewController.swift */; };
		E2E7AA841E9EC29400BD1B41 /* RatingViewController.swift in Sources */ = {isa = PBXBuildFile; fileRef = E2E7AA831E9EC29400BD1B41 /* RatingViewController.swift */; };
/* End PBXBuildFile section */

/* Begin PBXContainerItemProxy section */
		E21887AC1E9B3B890008C54C /* PBXContainerItemProxy */ = {
			isa = PBXContainerItemProxy;
			containerPortal = E218878F1E9B3B890008C54C /* Project object */;
			proxyType = 1;
			remoteGlobalIDString = E21887961E9B3B890008C54C;
			remoteInfo = Gradient;
		};
		E21887B71E9B3B890008C54C /* PBXContainerItemProxy */ = {
			isa = PBXContainerItemProxy;
			containerPortal = E218878F1E9B3B890008C54C /* Project object */;
			proxyType = 1;
			remoteGlobalIDString = E21887961E9B3B890008C54C;
			remoteInfo = Gradient;
		};
/* End PBXContainerItemProxy section */

/* Begin PBXFileReference section */
		07CAFA077511D99FB9D3BAEE /* Pods-GradientUITests.release.xcconfig */ = {isa = PBXFileReference; includeInIndex = 1; lastKnownFileType = text.xcconfig; name = "Pods-GradientUITests.release.xcconfig"; path = "Pods/Target Support Files/Pods-GradientUITests/Pods-GradientUITests.release.xcconfig"; sourceTree = "<group>"; };
		204129DADC664229189192A9 /* Pods-GradientTests.debug.xcconfig */ = {isa = PBXFileReference; includeInIndex = 1; lastKnownFileType = text.xcconfig; name = "Pods-GradientTests.debug.xcconfig"; path = "Pods/Target Support Files/Pods-GradientTests/Pods-GradientTests.debug.xcconfig"; sourceTree = "<group>"; };
		92DA96494A8470F49E4BE3EA /* Pods-Gradient.release.xcconfig */ = {isa = PBXFileReference; includeInIndex = 1; lastKnownFileType = text.xcconfig; name = "Pods-Gradient.release.xcconfig"; path = "Pods/Target Support Files/Pods-Gradient/Pods-Gradient.release.xcconfig"; sourceTree = "<group>"; };
		CD0CAC63589359BC64DEF8A2 /* Pods_GradientTests.framework */ = {isa = PBXFileReference; explicitFileType = wrapper.framework; includeInIndex = 0; path = Pods_GradientTests.framework; sourceTree = BUILT_PRODUCTS_DIR; };
		D636D105FD42E6900BDF5017 /* Pods-GradientUITests.debug.xcconfig */ = {isa = PBXFileReference; includeInIndex = 1; lastKnownFileType = text.xcconfig; name = "Pods-GradientUITests.debug.xcconfig"; path = "Pods/Target Support Files/Pods-GradientUITests/Pods-GradientUITests.debug.xcconfig"; sourceTree = "<group>"; };
		E21887971E9B3B890008C54C /* Gradient.app */ = {isa = PBXFileReference; explicitFileType = wrapper.application; includeInIndex = 0; path = Gradient.app; sourceTree = BUILT_PRODUCTS_DIR; };
		E218879A1E9B3B890008C54C /* AppDelegate.swift */ = {isa = PBXFileReference; lastKnownFileType = sourcecode.swift; path = AppDelegate.swift; sourceTree = "<group>"; };
		E218879C1E9B3B890008C54C /* ViewController.swift */ = {isa = PBXFileReference; lastKnownFileType = sourcecode.swift; path = ViewController.swift; sourceTree = "<group>"; };
		E218879F1E9B3B890008C54C /* Base */ = {isa = PBXFileReference; lastKnownFileType = file.storyboard; name = Base; path = Base.lproj/Main.storyboard; sourceTree = "<group>"; };
		E21887A11E9B3B890008C54C /* Assets.xcassets */ = {isa = PBXFileReference; lastKnownFileType = folder.assetcatalog; path = Assets.xcassets; sourceTree = "<group>"; };
		E21887A41E9B3B890008C54C /* Base */ = {isa = PBXFileReference; lastKnownFileType = file.storyboard; name = Base; path = Base.lproj/LaunchScreen.storyboard; sourceTree = "<group>"; };
		E21887A61E9B3B890008C54C /* Info.plist */ = {isa = PBXFileReference; lastKnownFileType = text.plist.xml; path = Info.plist; sourceTree = "<group>"; };
		E21887AB1E9B3B890008C54C /* GradientTests.xctest */ = {isa = PBXFileReference; explicitFileType = wrapper.cfbundle; includeInIndex = 0; path = GradientTests.xctest; sourceTree = BUILT_PRODUCTS_DIR; };
		E21887AF1E9B3B890008C54C /* GradientTests.swift */ = {isa = PBXFileReference; lastKnownFileType = sourcecode.swift; path = GradientTests.swift; sourceTree = "<group>"; };
		E21887B11E9B3B890008C54C /* Info.plist */ = {isa = PBXFileReference; lastKnownFileType = text.plist.xml; path = Info.plist; sourceTree = "<group>"; };
		E21887B61E9B3B890008C54C /* GradientUITests.xctest */ = {isa = PBXFileReference; explicitFileType = wrapper.cfbundle; includeInIndex = 0; path = GradientUITests.xctest; sourceTree = BUILT_PRODUCTS_DIR; };
		E21887BA1E9B3B890008C54C /* GradientUITests.swift */ = {isa = PBXFileReference; lastKnownFileType = sourcecode.swift; path = GradientUITests.swift; sourceTree = "<group>"; };
		E21887BC1E9B3B890008C54C /* Info.plist */ = {isa = PBXFileReference; lastKnownFileType = text.plist.xml; path = Info.plist; sourceTree = "<group>"; };
		E21887C91E9B3BC90008C54C /* MapKit.framework */ = {isa = PBXFileReference; lastKnownFileType = wrapper.framework; name = MapKit.framework; path = System/Library/Frameworks/MapKit.framework; sourceTree = SDKROOT; };
		E21887CB1E9B3D620008C54C /* CoreLocation.framework */ = {isa = PBXFileReference; lastKnownFileType = wrapper.framework; name = CoreLocation.framework; path = System/Library/Frameworks/CoreLocation.framework; sourceTree = SDKROOT; };
		E21887CF1E9B5DDC0008C54C /* Places.swift */ = {isa = PBXFileReference; fileEncoding = 4; lastKnownFileType = sourcecode.swift; path = Places.swift; sourceTree = "<group>"; };
		E290B34C1EE08F3B00D2F006 /* zones.json */ = {isa = PBXFileReference; fileEncoding = 4; lastKnownFileType = text.json; path = zones.json; sourceTree = "<group>"; };
		E2C733651EC2E23B00D7316B /* RootPageViewController.swift */ = {isa = PBXFileReference; fileEncoding = 4; lastKnownFileType = sourcecode.swift; path = RootPageViewController.swift; sourceTree = "<group>"; };
		E2C733691EC3101100D7316B /* OnboardingViewController.swift */ = {isa = PBXFileReference; fileEncoding = 4; lastKnownFileType = sourcecode.swift; path = OnboardingViewController.swift; sourceTree = "<group>"; };
		E2CC26B61EB5817A0078B033 /* TestLocation.gpx */ = {isa = PBXFileReference; lastKnownFileType = text.xml; path = TestLocation.gpx; sourceTree = "<group>"; };
		E2E7AA831E9EC29400BD1B41 /* RatingViewController.swift */ = {isa = PBXFileReference; fileEncoding = 4; lastKnownFileType = sourcecode.swift; path = RatingViewController.swift; sourceTree = "<group>"; };
		E8F2DF1CBA8E551ABCCAA308 /* Pods_GradientUITests.framework */ = {isa = PBXFileReference; explicitFileType = wrapper.framework; includeInIndex = 0; path = Pods_GradientUITests.framework; sourceTree = BUILT_PRODUCTS_DIR; };
		F4D0ACD67F038D4437850555 /* Pods_Gradient.framework */ = {isa = PBXFileReference; explicitFileType = wrapper.framework; includeInIndex = 0; path = Pods_Gradient.framework; sourceTree = BUILT_PRODUCTS_DIR; };
		FA6057C51E5A8ED07C8BC814 /* Pods-Gradient.debug.xcconfig */ = {isa = PBXFileReference; includeInIndex = 1; lastKnownFileType = text.xcconfig; name = "Pods-Gradient.debug.xcconfig"; path = "Pods/Target Support Files/Pods-Gradient/Pods-Gradient.debug.xcconfig"; sourceTree = "<group>"; };
		FFCE6A10F2A595E07CC0152A /* Pods-GradientTests.release.xcconfig */ = {isa = PBXFileReference; includeInIndex = 1; lastKnownFileType = text.xcconfig; name = "Pods-GradientTests.release.xcconfig"; path = "Pods/Target Support Files/Pods-GradientTests/Pods-GradientTests.release.xcconfig"; sourceTree = "<group>"; };
/* End PBXFileReference section */

/* Begin PBXFrameworksBuildPhase section */
		E21887941E9B3B890008C54C /* Frameworks */ = {
			isa = PBXFrameworksBuildPhase;
			buildActionMask = 2147483647;
			files = (
				E21887CC1E9B3D620008C54C /* CoreLocation.framework in Frameworks */,
				E21887CA1E9B3BC90008C54C /* MapKit.framework in Frameworks */,
				0495D88629E398BEF8947283 /* Pods_Gradient.framework in Frameworks */,
			);
			runOnlyForDeploymentPostprocessing = 0;
		};
		E21887A81E9B3B890008C54C /* Frameworks */ = {
			isa = PBXFrameworksBuildPhase;
			buildActionMask = 2147483647;
			files = (
				E2901425D295C6E77A381D05 /* Pods_GradientTests.framework in Frameworks */,
			);
			runOnlyForDeploymentPostprocessing = 0;
		};
		E21887B31E9B3B890008C54C /* Frameworks */ = {
			isa = PBXFrameworksBuildPhase;
			buildActionMask = 2147483647;
			files = (
				A12A198966F5F2BBAF15E534 /* Pods_GradientUITests.framework in Frameworks */,
			);
			runOnlyForDeploymentPostprocessing = 0;
		};
/* End PBXFrameworksBuildPhase section */

/* Begin PBXGroup section */
		3FCF770DC9D1AD571C77967D /* Pods */ = {
			isa = PBXGroup;
			children = (
				FA6057C51E5A8ED07C8BC814 /* Pods-Gradient.debug.xcconfig */,
				92DA96494A8470F49E4BE3EA /* Pods-Gradient.release.xcconfig */,
				204129DADC664229189192A9 /* Pods-GradientTests.debug.xcconfig */,
				FFCE6A10F2A595E07CC0152A /* Pods-GradientTests.release.xcconfig */,
				D636D105FD42E6900BDF5017 /* Pods-GradientUITests.debug.xcconfig */,
				07CAFA077511D99FB9D3BAEE /* Pods-GradientUITests.release.xcconfig */,
			);
			name = Pods;
			sourceTree = "<group>";
		};
		E218878E1E9B3B890008C54C = {
			isa = PBXGroup;
			children = (
				E21887991E9B3B890008C54C /* Gradient */,
				E21887AE1E9B3B890008C54C /* GradientTests */,
				E21887B91E9B3B890008C54C /* GradientUITests */,
				E21887981E9B3B890008C54C /* Products */,
				E21887C81E9B3BC90008C54C /* Frameworks */,
				3FCF770DC9D1AD571C77967D /* Pods */,
			);
			sourceTree = "<group>";
		};
		E21887981E9B3B890008C54C /* Products */ = {
			isa = PBXGroup;
			children = (
				E21887971E9B3B890008C54C /* Gradient.app */,
				E21887AB1E9B3B890008C54C /* GradientTests.xctest */,
				E21887B61E9B3B890008C54C /* GradientUITests.xctest */,
			);
			name = Products;
			sourceTree = "<group>";
		};
		E21887991E9B3B890008C54C /* Gradient */ = {
			isa = PBXGroup;
			children = (
				E290B34C1EE08F3B00D2F006 /* zones.json */,
				E2C733651EC2E23B00D7316B /* RootPageViewController.swift */,
				E2E7AA851E9EC29900BD1B41 /* View Controllers */,
				E21887CF1E9B5DDC0008C54C /* Places.swift */,
				E218879A1E9B3B890008C54C /* AppDelegate.swift */,
				E218879E1E9B3B890008C54C /* Main.storyboard */,
				E21887A11E9B3B890008C54C /* Assets.xcassets */,
				E21887A31E9B3B890008C54C /* LaunchScreen.storyboard */,
				E21887A61E9B3B890008C54C /* Info.plist */,
				E2CC26B61EB5817A0078B033 /* TestLocation.gpx */,
			);
			path = Gradient;
			sourceTree = "<group>";
		};
		E21887AE1E9B3B890008C54C /* GradientTests */ = {
			isa = PBXGroup;
			children = (
				E21887AF1E9B3B890008C54C /* GradientTests.swift */,
				E21887B11E9B3B890008C54C /* Info.plist */,
			);
			path = GradientTests;
			sourceTree = "<group>";
		};
		E21887B91E9B3B890008C54C /* GradientUITests */ = {
			isa = PBXGroup;
			children = (
				E21887BA1E9B3B890008C54C /* GradientUITests.swift */,
				E21887BC1E9B3B890008C54C /* Info.plist */,
			);
			path = GradientUITests;
			sourceTree = "<group>";
		};
		E21887C81E9B3BC90008C54C /* Frameworks */ = {
			isa = PBXGroup;
			children = (
				E21887CB1E9B3D620008C54C /* CoreLocation.framework */,
				E21887C91E9B3BC90008C54C /* MapKit.framework */,
				F4D0ACD67F038D4437850555 /* Pods_Gradient.framework */,
				CD0CAC63589359BC64DEF8A2 /* Pods_GradientTests.framework */,
				E8F2DF1CBA8E551ABCCAA308 /* Pods_GradientUITests.framework */,
			);
			name = Frameworks;
			sourceTree = "<group>";
		};
		E2E7AA851E9EC29900BD1B41 /* View Controllers */ = {
			isa = PBXGroup;
			children = (
				E218879C1E9B3B890008C54C /* ViewController.swift */,
				E2E7AA831E9EC29400BD1B41 /* RatingViewController.swift */,
				E2C733691EC3101100D7316B /* OnboardingViewController.swift */,
			);
			name = "View Controllers";
			sourceTree = "<group>";
		};
/* End PBXGroup section */

/* Begin PBXNativeTarget section */
		E21887961E9B3B890008C54C /* Gradient */ = {
			isa = PBXNativeTarget;
			buildConfigurationList = E21887BF1E9B3B890008C54C /* Build configuration list for PBXNativeTarget "Gradient" */;
			buildPhases = (
				46CBC00B07588B6511706D36 /* [CP] Check Pods Manifest.lock */,
				E21887931E9B3B890008C54C /* Sources */,
				E21887941E9B3B890008C54C /* Frameworks */,
				E21887951E9B3B890008C54C /* Resources */,
				C45CEB014717C572E8187BE0 /* [CP] Embed Pods Frameworks */,
				AFC3ED10222A632402B16E06 /* [CP] Copy Pods Resources */,
			);
			buildRules = (
			);
			dependencies = (
			);
			name = Gradient;
			productName = Gradient;
			productReference = E21887971E9B3B890008C54C /* Gradient.app */;
			productType = "com.apple.product-type.application";
		};
		E21887AA1E9B3B890008C54C /* GradientTests */ = {
			isa = PBXNativeTarget;
			buildConfigurationList = E21887C21E9B3B890008C54C /* Build configuration list for PBXNativeTarget "GradientTests" */;
			buildPhases = (
				1C39FADCFB4AFD4EF6AF6201 /* [CP] Check Pods Manifest.lock */,
				E21887A71E9B3B890008C54C /* Sources */,
				E21887A81E9B3B890008C54C /* Frameworks */,
				E21887A91E9B3B890008C54C /* Resources */,
				087866B9F4751072329A0C5C /* [CP] Embed Pods Frameworks */,
				C487A5061DDC6C97B4866B0F /* [CP] Copy Pods Resources */,
			);
			buildRules = (
			);
			dependencies = (
				E21887AD1E9B3B890008C54C /* PBXTargetDependency */,
			);
			name = GradientTests;
			productName = GradientTests;
			productReference = E21887AB1E9B3B890008C54C /* GradientTests.xctest */;
			productType = "com.apple.product-type.bundle.unit-test";
		};
		E21887B51E9B3B890008C54C /* GradientUITests */ = {
			isa = PBXNativeTarget;
			buildConfigurationList = E21887C51E9B3B890008C54C /* Build configuration list for PBXNativeTarget "GradientUITests" */;
			buildPhases = (
				92CF7838E8DABD49CAE39AC1 /* [CP] Check Pods Manifest.lock */,
				E21887B21E9B3B890008C54C /* Sources */,
				E21887B31E9B3B890008C54C /* Frameworks */,
				E21887B41E9B3B890008C54C /* Resources */,
				814C43E8C0A9E32250732109 /* [CP] Embed Pods Frameworks */,
				5C28BCCD6433687DA399C0EE /* [CP] Copy Pods Resources */,
			);
			buildRules = (
			);
			dependencies = (
				E21887B81E9B3B890008C54C /* PBXTargetDependency */,
			);
			name = GradientUITests;
			productName = GradientUITests;
			productReference = E21887B61E9B3B890008C54C /* GradientUITests.xctest */;
			productType = "com.apple.product-type.bundle.ui-testing";
		};
/* End PBXNativeTarget section */

/* Begin PBXProject section */
		E218878F1E9B3B890008C54C /* Project object */ = {
			isa = PBXProject;
			attributes = {
				LastSwiftUpdateCheck = 0820;
				LastUpgradeCheck = 0820;
				ORGANIZATIONNAME = "Julian Bossiere";
				TargetAttributes = {
					E21887961E9B3B890008C54C = {
						CreatedOnToolsVersion = 8.2.1;
						DevelopmentTeam = 53NGYJBFW3;
						ProvisioningStyle = Automatic;
					};
					E21887AA1E9B3B890008C54C = {
						CreatedOnToolsVersion = 8.2.1;
						ProvisioningStyle = Automatic;
						TestTargetID = E21887961E9B3B890008C54C;
					};
					E21887B51E9B3B890008C54C = {
						CreatedOnToolsVersion = 8.2.1;
						ProvisioningStyle = Automatic;
						TestTargetID = E21887961E9B3B890008C54C;
					};
				};
			};
			buildConfigurationList = E21887921E9B3B890008C54C /* Build configuration list for PBXProject "Gradient" */;
			compatibilityVersion = "Xcode 3.2";
			developmentRegion = English;
			hasScannedForEncodings = 0;
			knownRegions = (
				en,
				Base,
			);
			mainGroup = E218878E1E9B3B890008C54C;
			productRefGroup = E21887981E9B3B890008C54C /* Products */;
			projectDirPath = "";
			projectRoot = "";
			targets = (
				E21887961E9B3B890008C54C /* Gradient */,
				E21887AA1E9B3B890008C54C /* GradientTests */,
				E21887B51E9B3B890008C54C /* GradientUITests */,
			);
		};
/* End PBXProject section */

/* Begin PBXResourcesBuildPhase section */
		E21887951E9B3B890008C54C /* Resources */ = {
			isa = PBXResourcesBuildPhase;
			buildActionMask = 2147483647;
			files = (
				E21887A51E9B3B890008C54C /* LaunchScreen.storyboard in Resources */,
				E290B34D1EE08F3B00D2F006 /* zones.json in Resources */,
				E21887A21E9B3B890008C54C /* Assets.xcassets in Resources */,
				E21887A01E9B3B890008C54C /* Main.storyboard in Resources */,
			);
			runOnlyForDeploymentPostprocessing = 0;
		};
		E21887A91E9B3B890008C54C /* Resources */ = {
			isa = PBXResourcesBuildPhase;
			buildActionMask = 2147483647;
			files = (
			);
			runOnlyForDeploymentPostprocessing = 0;
		};
		E21887B41E9B3B890008C54C /* Resources */ = {
			isa = PBXResourcesBuildPhase;
			buildActionMask = 2147483647;
			files = (
			);
			runOnlyForDeploymentPostprocessing = 0;
		};
/* End PBXResourcesBuildPhase section */

/* Begin PBXShellScriptBuildPhase section */
		087866B9F4751072329A0C5C /* [CP] Embed Pods Frameworks */ = {
			isa = PBXShellScriptBuildPhase;
			buildActionMask = 2147483647;
			files = (
			);
			inputPaths = (
			);
			name = "[CP] Embed Pods Frameworks";
			outputPaths = (
			);
			runOnlyForDeploymentPostprocessing = 0;
			shellPath = /bin/sh;
			shellScript = "\"${SRCROOT}/Pods/Target Support Files/Pods-GradientTests/Pods-GradientTests-frameworks.sh\"\n";
			showEnvVarsInLog = 0;
		};
		1C39FADCFB4AFD4EF6AF6201 /* [CP] Check Pods Manifest.lock */ = {
			isa = PBXShellScriptBuildPhase;
			buildActionMask = 2147483647;
			files = (
			);
			inputPaths = (
			);
			name = "[CP] Check Pods Manifest.lock";
			outputPaths = (
			);
			runOnlyForDeploymentPostprocessing = 0;
			shellPath = /bin/sh;
			shellScript = "diff \"${PODS_ROOT}/../Podfile.lock\" \"${PODS_ROOT}/Manifest.lock\" > /dev/null\nif [ $? != 0 ] ; then\n    # print error to STDERR\n    echo \"error: The sandbox is not in sync with the Podfile.lock. Run 'pod install' or update your CocoaPods installation.\" >&2\n    exit 1\nfi\n";
			showEnvVarsInLog = 0;
		};
		46CBC00B07588B6511706D36 /* [CP] Check Pods Manifest.lock */ = {
			isa = PBXShellScriptBuildPhase;
			buildActionMask = 2147483647;
			files = (
			);
			inputPaths = (
			);
			name = "[CP] Check Pods Manifest.lock";
			outputPaths = (
			);
			runOnlyForDeploymentPostprocessing = 0;
			shellPath = /bin/sh;
			shellScript = "diff \"${PODS_ROOT}/../Podfile.lock\" \"${PODS_ROOT}/Manifest.lock\" > /dev/null\nif [ $? != 0 ] ; then\n    # print error to STDERR\n    echo \"error: The sandbox is not in sync with the Podfile.lock. Run 'pod install' or update your CocoaPods installation.\" >&2\n    exit 1\nfi\n";
			showEnvVarsInLog = 0;
		};
		5C28BCCD6433687DA399C0EE /* [CP] Copy Pods Resources */ = {
			isa = PBXShellScriptBuildPhase;
			buildActionMask = 2147483647;
			files = (
			);
			inputPaths = (
			);
			name = "[CP] Copy Pods Resources";
			outputPaths = (
			);
			runOnlyForDeploymentPostprocessing = 0;
			shellPath = /bin/sh;
			shellScript = "\"${SRCROOT}/Pods/Target Support Files/Pods-GradientUITests/Pods-GradientUITests-resources.sh\"\n";
			showEnvVarsInLog = 0;
		};
		814C43E8C0A9E32250732109 /* [CP] Embed Pods Frameworks */ = {
			isa = PBXShellScriptBuildPhase;
			buildActionMask = 2147483647;
			files = (
			);
			inputPaths = (
			);
			name = "[CP] Embed Pods Frameworks";
			outputPaths = (
			);
			runOnlyForDeploymentPostprocessing = 0;
			shellPath = /bin/sh;
			shellScript = "\"${SRCROOT}/Pods/Target Support Files/Pods-GradientUITests/Pods-GradientUITests-frameworks.sh\"\n";
			showEnvVarsInLog = 0;
		};
		92CF7838E8DABD49CAE39AC1 /* [CP] Check Pods Manifest.lock */ = {
			isa = PBXShellScriptBuildPhase;
			buildActionMask = 2147483647;
			files = (
			);
			inputPaths = (
			);
			name = "[CP] Check Pods Manifest.lock";
			outputPaths = (
			);
			runOnlyForDeploymentPostprocessing = 0;
			shellPath = /bin/sh;
			shellScript = "diff \"${PODS_ROOT}/../Podfile.lock\" \"${PODS_ROOT}/Manifest.lock\" > /dev/null\nif [ $? != 0 ] ; then\n    # print error to STDERR\n    echo \"error: The sandbox is not in sync with the Podfile.lock. Run 'pod install' or update your CocoaPods installation.\" >&2\n    exit 1\nfi\n";
			showEnvVarsInLog = 0;
		};
		AFC3ED10222A632402B16E06 /* [CP] Copy Pods Resources */ = {
			isa = PBXShellScriptBuildPhase;
			buildActionMask = 2147483647;
			files = (
			);
			inputPaths = (
			);
			name = "[CP] Copy Pods Resources";
			outputPaths = (
			);
			runOnlyForDeploymentPostprocessing = 0;
			shellPath = /bin/sh;
			shellScript = "\"${SRCROOT}/Pods/Target Support Files/Pods-Gradient/Pods-Gradient-resources.sh\"\n";
			showEnvVarsInLog = 0;
		};
		C45CEB014717C572E8187BE0 /* [CP] Embed Pods Frameworks */ = {
			isa = PBXShellScriptBuildPhase;
			buildActionMask = 2147483647;
			files = (
			);
			inputPaths = (
			);
			name = "[CP] Embed Pods Frameworks";
			outputPaths = (
			);
			runOnlyForDeploymentPostprocessing = 0;
			shellPath = /bin/sh;
			shellScript = "\"${SRCROOT}/Pods/Target Support Files/Pods-Gradient/Pods-Gradient-frameworks.sh\"\n";
			showEnvVarsInLog = 0;
		};
		C487A5061DDC6C97B4866B0F /* [CP] Copy Pods Resources */ = {
			isa = PBXShellScriptBuildPhase;
			buildActionMask = 2147483647;
			files = (
			);
			inputPaths = (
			);
			name = "[CP] Copy Pods Resources";
			outputPaths = (
			);
			runOnlyForDeploymentPostprocessing = 0;
			shellPath = /bin/sh;
			shellScript = "\"${SRCROOT}/Pods/Target Support Files/Pods-GradientTests/Pods-GradientTests-resources.sh\"\n";
			showEnvVarsInLog = 0;
		};
/* End PBXShellScriptBuildPhase section */

/* Begin PBXSourcesBuildPhase section */
		E21887931E9B3B890008C54C /* Sources */ = {
			isa = PBXSourcesBuildPhase;
			buildActionMask = 2147483647;
			files = (
				E218879D1E9B3B890008C54C /* ViewController.swift in Sources */,
				E2E7AA841E9EC29400BD1B41 /* RatingViewController.swift in Sources */,
				E2C733661EC2E23B00D7316B /* RootPageViewController.swift in Sources */,
				E2C7336A1EC3101100D7316B /* OnboardingViewController.swift in Sources */,
				E218879B1E9B3B890008C54C /* AppDelegate.swift in Sources */,
				E21887D01E9B5DDC0008C54C /* Places.swift in Sources */,
			);
			runOnlyForDeploymentPostprocessing = 0;
		};
		E21887A71E9B3B890008C54C /* Sources */ = {
			isa = PBXSourcesBuildPhase;
			buildActionMask = 2147483647;
			files = (
				E21887B01E9B3B890008C54C /* GradientTests.swift in Sources */,
			);
			runOnlyForDeploymentPostprocessing = 0;
		};
		E21887B21E9B3B890008C54C /* Sources */ = {
			isa = PBXSourcesBuildPhase;
			buildActionMask = 2147483647;
			files = (
				E21887BB1E9B3B890008C54C /* GradientUITests.swift in Sources */,
			);
			runOnlyForDeploymentPostprocessing = 0;
		};
/* End PBXSourcesBuildPhase section */

/* Begin PBXTargetDependency section */
		E21887AD1E9B3B890008C54C /* PBXTargetDependency */ = {
			isa = PBXTargetDependency;
			target = E21887961E9B3B890008C54C /* Gradient */;
			targetProxy = E21887AC1E9B3B890008C54C /* PBXContainerItemProxy */;
		};
		E21887B81E9B3B890008C54C /* PBXTargetDependency */ = {
			isa = PBXTargetDependency;
			target = E21887961E9B3B890008C54C /* Gradient */;
			targetProxy = E21887B71E9B3B890008C54C /* PBXContainerItemProxy */;
		};
/* End PBXTargetDependency section */

/* Begin PBXVariantGroup section */
		E218879E1E9B3B890008C54C /* Main.storyboard */ = {
			isa = PBXVariantGroup;
			children = (
				E218879F1E9B3B890008C54C /* Base */,
			);
			name = Main.storyboard;
			sourceTree = "<group>";
		};
		E21887A31E9B3B890008C54C /* LaunchScreen.storyboard */ = {
			isa = PBXVariantGroup;
			children = (
				E21887A41E9B3B890008C54C /* Base */,
			);
			name = LaunchScreen.storyboard;
			sourceTree = "<group>";
		};
/* End PBXVariantGroup section */

/* Begin XCBuildConfiguration section */
		E21887BD1E9B3B890008C54C /* Debug */ = {
			isa = XCBuildConfiguration;
			buildSettings = {
				ALWAYS_SEARCH_USER_PATHS = NO;
				CLANG_ANALYZER_NONNULL = YES;
				CLANG_CXX_LANGUAGE_STANDARD = "gnu++0x";
				CLANG_CXX_LIBRARY = "libc++";
				CLANG_ENABLE_MODULES = YES;
				CLANG_ENABLE_OBJC_ARC = YES;
				CLANG_WARN_BOOL_CONVERSION = YES;
				CLANG_WARN_CONSTANT_CONVERSION = YES;
				CLANG_WARN_DIRECT_OBJC_ISA_USAGE = YES_ERROR;
				CLANG_WARN_DOCUMENTATION_COMMENTS = YES;
				CLANG_WARN_EMPTY_BODY = YES;
				CLANG_WARN_ENUM_CONVERSION = YES;
				CLANG_WARN_INFINITE_RECURSION = YES;
				CLANG_WARN_INT_CONVERSION = YES;
				CLANG_WARN_OBJC_ROOT_CLASS = YES_ERROR;
				CLANG_WARN_SUSPICIOUS_MOVE = YES;
				CLANG_WARN_UNREACHABLE_CODE = YES;
				CLANG_WARN__DUPLICATE_METHOD_MATCH = YES;
				"CODE_SIGN_IDENTITY[sdk=iphoneos*]" = "iPhone Developer";
				COPY_PHASE_STRIP = NO;
				DEBUG_INFORMATION_FORMAT = dwarf;
				ENABLE_STRICT_OBJC_MSGSEND = YES;
				ENABLE_TESTABILITY = YES;
				GCC_C_LANGUAGE_STANDARD = gnu99;
				GCC_DYNAMIC_NO_PIC = NO;
				GCC_NO_COMMON_BLOCKS = YES;
				GCC_OPTIMIZATION_LEVEL = 0;
				GCC_PREPROCESSOR_DEFINITIONS = (
					"DEBUG=1",
					"$(inherited)",
				);
				GCC_WARN_64_TO_32_BIT_CONVERSION = YES;
				GCC_WARN_ABOUT_RETURN_TYPE = YES_ERROR;
				GCC_WARN_UNDECLARED_SELECTOR = YES;
				GCC_WARN_UNINITIALIZED_AUTOS = YES_AGGRESSIVE;
				GCC_WARN_UNUSED_FUNCTION = YES;
				GCC_WARN_UNUSED_VARIABLE = YES;
				IPHONEOS_DEPLOYMENT_TARGET = 10.2;
				MTL_ENABLE_DEBUG_INFO = YES;
				ONLY_ACTIVE_ARCH = YES;
				SDKROOT = iphoneos;
				SWIFT_ACTIVE_COMPILATION_CONDITIONS = DEBUG;
				SWIFT_OPTIMIZATION_LEVEL = "-Onone";
				TARGETED_DEVICE_FAMILY = "1,2";
			};
			name = Debug;
		};
		E21887BE1E9B3B890008C54C /* Release */ = {
			isa = XCBuildConfiguration;
			buildSettings = {
				ALWAYS_SEARCH_USER_PATHS = NO;
				CLANG_ANALYZER_NONNULL = YES;
				CLANG_CXX_LANGUAGE_STANDARD = "gnu++0x";
				CLANG_CXX_LIBRARY = "libc++";
				CLANG_ENABLE_MODULES = YES;
				CLANG_ENABLE_OBJC_ARC = YES;
				CLANG_WARN_BOOL_CONVERSION = YES;
				CLANG_WARN_CONSTANT_CONVERSION = YES;
				CLANG_WARN_DIRECT_OBJC_ISA_USAGE = YES_ERROR;
				CLANG_WARN_DOCUMENTATION_COMMENTS = YES;
				CLANG_WARN_EMPTY_BODY = YES;
				CLANG_WARN_ENUM_CONVERSION = YES;
				CLANG_WARN_INFINITE_RECURSION = YES;
				CLANG_WARN_INT_CONVERSION = YES;
				CLANG_WARN_OBJC_ROOT_CLASS = YES_ERROR;
				CLANG_WARN_SUSPICIOUS_MOVE = YES;
				CLANG_WARN_UNREACHABLE_CODE = YES;
				CLANG_WARN__DUPLICATE_METHOD_MATCH = YES;
				"CODE_SIGN_IDENTITY[sdk=iphoneos*]" = "iPhone Developer";
				COPY_PHASE_STRIP = NO;
				DEBUG_INFORMATION_FORMAT = "dwarf-with-dsym";
				ENABLE_NS_ASSERTIONS = NO;
				ENABLE_STRICT_OBJC_MSGSEND = YES;
				GCC_C_LANGUAGE_STANDARD = gnu99;
				GCC_NO_COMMON_BLOCKS = YES;
				GCC_WARN_64_TO_32_BIT_CONVERSION = YES;
				GCC_WARN_ABOUT_RETURN_TYPE = YES_ERROR;
				GCC_WARN_UNDECLARED_SELECTOR = YES;
				GCC_WARN_UNINITIALIZED_AUTOS = YES_AGGRESSIVE;
				GCC_WARN_UNUSED_FUNCTION = YES;
				GCC_WARN_UNUSED_VARIABLE = YES;
				IPHONEOS_DEPLOYMENT_TARGET = 10.2;
				MTL_ENABLE_DEBUG_INFO = NO;
				SDKROOT = iphoneos;
				SWIFT_OPTIMIZATION_LEVEL = "-Owholemodule";
				TARGETED_DEVICE_FAMILY = "1,2";
				VALIDATE_PRODUCT = YES;
			};
			name = Release;
		};
		E21887C01E9B3B890008C54C /* Debug */ = {
			isa = XCBuildConfiguration;
			baseConfigurationReference = FA6057C51E5A8ED07C8BC814 /* Pods-Gradient.debug.xcconfig */;
			buildSettings = {
				ASSETCATALOG_COMPILER_APPICON_NAME = AppIcon;
				DEVELOPMENT_TEAM = 53NGYJBFW3;
				INFOPLIST_FILE = Gradient/Info.plist;
				IPHONEOS_DEPLOYMENT_TARGET = 9.3;
				LD_RUNPATH_SEARCH_PATHS = "$(inherited) @executable_path/Frameworks";
				PRODUCT_BUNDLE_IDENTIFIER = julianbossiere.GradientApp;
				PRODUCT_NAME = "$(TARGET_NAME)";
				SWIFT_VERSION = 3.0;
			};
			name = Debug;
		};
		E21887C11E9B3B890008C54C /* Release */ = {
			isa = XCBuildConfiguration;
			baseConfigurationReference = 92DA96494A8470F49E4BE3EA /* Pods-Gradient.release.xcconfig */;
			buildSettings = {
				ASSETCATALOG_COMPILER_APPICON_NAME = AppIcon;
				DEVELOPMENT_TEAM = 53NGYJBFW3;
				INFOPLIST_FILE = Gradient/Info.plist;
				IPHONEOS_DEPLOYMENT_TARGET = 9.3;
				LD_RUNPATH_SEARCH_PATHS = "$(inherited) @executable_path/Frameworks";
				PRODUCT_BUNDLE_IDENTIFIER = julianbossiere.GradientApp;
				PRODUCT_NAME = "$(TARGET_NAME)";
				SWIFT_VERSION = 3.0;
			};
			name = Release;
		};
		E21887C31E9B3B890008C54C /* Debug */ = {
			isa = XCBuildConfiguration;
			baseConfigurationReference = 204129DADC664229189192A9 /* Pods-GradientTests.debug.xcconfig */;
			buildSettings = {
				ALWAYS_EMBED_SWIFT_STANDARD_LIBRARIES = YES;
				BUNDLE_LOADER = "$(TEST_HOST)";
				INFOPLIST_FILE = GradientTests/Info.plist;
				LD_RUNPATH_SEARCH_PATHS = "$(inherited) @executable_path/Frameworks @loader_path/Frameworks";
				PRODUCT_BUNDLE_IDENTIFIER = julianbossiere.GradientTests;
				PRODUCT_NAME = "$(TARGET_NAME)";
				SWIFT_VERSION = 3.0;
				TEST_HOST = "$(BUILT_PRODUCTS_DIR)/Gradient.app/Gradient";
			};
			name = Debug;
		};
		E21887C41E9B3B890008C54C /* Release */ = {
			isa = XCBuildConfiguration;
			baseConfigurationReference = FFCE6A10F2A595E07CC0152A /* Pods-GradientTests.release.xcconfig */;
			buildSettings = {
				ALWAYS_EMBED_SWIFT_STANDARD_LIBRARIES = YES;
				BUNDLE_LOADER = "$(TEST_HOST)";
				INFOPLIST_FILE = GradientTests/Info.plist;
				LD_RUNPATH_SEARCH_PATHS = "$(inherited) @executable_path/Frameworks @loader_path/Frameworks";
				PRODUCT_BUNDLE_IDENTIFIER = julianbossiere.GradientTests;
				PRODUCT_NAME = "$(TARGET_NAME)";
				SWIFT_VERSION = 3.0;
				TEST_HOST = "$(BUILT_PRODUCTS_DIR)/Gradient.app/Gradient";
			};
			name = Release;
		};
		E21887C61E9B3B890008C54C /* Debug */ = {
			isa = XCBuildConfiguration;
			baseConfigurationReference = D636D105FD42E6900BDF5017 /* Pods-GradientUITests.debug.xcconfig */;
			buildSettings = {
				ALWAYS_EMBED_SWIFT_STANDARD_LIBRARIES = YES;
				INFOPLIST_FILE = GradientUITests/Info.plist;
				LD_RUNPATH_SEARCH_PATHS = "$(inherited) @executable_path/Frameworks @loader_path/Frameworks";
				PRODUCT_BUNDLE_IDENTIFIER = julianbossiere.GradientUITests;
				PRODUCT_NAME = "$(TARGET_NAME)";
				SWIFT_VERSION = 3.0;
				TEST_TARGET_NAME = Gradient;
			};
			name = Debug;
		};
		E21887C71E9B3B890008C54C /* Release */ = {
			isa = XCBuildConfiguration;
			baseConfigurationReference = 07CAFA077511D99FB9D3BAEE /* Pods-GradientUITests.release.xcconfig */;
			buildSettings = {
				ALWAYS_EMBED_SWIFT_STANDARD_LIBRARIES = YES;
				INFOPLIST_FILE = GradientUITests/Info.plist;
				LD_RUNPATH_SEARCH_PATHS = "$(inherited) @executable_path/Frameworks @loader_path/Frameworks";
				PRODUCT_BUNDLE_IDENTIFIER = julianbossiere.GradientUITests;
				PRODUCT_NAME = "$(TARGET_NAME)";
				SWIFT_VERSION = 3.0;
				TEST_TARGET_NAME = Gradient;
			};
			name = Release;
		};
/* End XCBuildConfiguration section */

/* Begin XCConfigurationList section */
		E21887921E9B3B890008C54C /* Build configuration list for PBXProject "Gradient" */ = {
			isa = XCConfigurationList;
			buildConfigurations = (
				E21887BD1E9B3B890008C54C /* Debug */,
				E21887BE1E9B3B890008C54C /* Release */,
			);
			defaultConfigurationIsVisible = 0;
			defaultConfigurationName = Release;
		};
		E21887BF1E9B3B890008C54C /* Build configuration list for PBXNativeTarget "Gradient" */ = {
			isa = XCConfigurationList;
			buildConfigurations = (
				E21887C01E9B3B890008C54C /* Debug */,
				E21887C11E9B3B890008C54C /* Release */,
			);
			defaultConfigurationIsVisible = 0;
			defaultConfigurationName = Release;
		};
		E21887C21E9B3B890008C54C /* Build configuration list for PBXNativeTarget "GradientTests" */ = {
			isa = XCConfigurationList;
			buildConfigurations = (
				E21887C31E9B3B890008C54C /* Debug */,
				E21887C41E9B3B890008C54C /* Release */,
			);
			defaultConfigurationIsVisible = 0;
			defaultConfigurationName = Release;
		};
		E21887C51E9B3B890008C54C /* Build configuration list for PBXNativeTarget "GradientUITests" */ = {
			isa = XCConfigurationList;
			buildConfigurations = (
				E21887C61E9B3B890008C54C /* Debug */,
				E21887C71E9B3B890008C54C /* Release */,
			);
			defaultConfigurationIsVisible = 0;
			defaultConfigurationName = Release;
		};
/* End XCConfigurationList section */
	};
	rootObject = E218878F1E9B3B890008C54C /* Project object */;
}
